
Microsoft Visual Studio Solution File, Format Version 12.00
# Visual Studio 15
VisualStudioVersion = 15.0.26730.3
MinimumVisualStudioVersion = 10.0.40219.1
Project("{FAE04EC0-301F-11D3-BF4B-00C04F79EFBC}") = "WebCrawler", "WebCrawler\WebCrawler.csproj", "{A04EC62E-AB67-46DF-9C02-E15AB90948E0}"
EndProject
Global
	GlobalSection(SolutionConfigurationPlatforms) = preSolution
		Debug|Any CPU = Debug|Any CPU
		Release|Any CPU = Release|Any CPU
	EndGlobalSection
	GlobalSection(ProjectConfigurationPlatforms) = postSolution
		{A04EC62E-AB67-46DF-9C02-E15AB90948E0}.Debug|Any CPU.ActiveCfg = Debug|Any CPU
		{A04EC62E-AB67-46DF-9C02-E15AB90948E0}.Debug|Any CPU.Build.0 = Debug|Any CPU
		{A04EC62E-AB67-46DF-9C02-E15AB90948E0}.Release|Any CPU.ActiveCfg = Release|Any CPU
		{A04EC62E-AB67-46DF-9C02-E15AB90948E0}.Release|Any CPU.Build.0 = Release|Any CPU
	EndGlobalSection
	GlobalSection(SolutionProperties) = preSolution
		HideSolutionNode = FALSE
	EndGlobalSection
	GlobalSection(ExtensibilityGlobals) = postSolution
		SolutionGuid = {F0983464-E1E1-43EE-8EC3-E7CCE983D05E}
	EndGlobalSection
EndGlobal
